// !$*UTF8*$!
{
	archiveVersion = 1;
	classes = {
	};
	objectVersion = 77;
	objects = {

/* Begin PBXBuildFile section */
		8026CE032DC758BE0090D1F0 /* Kingfisher in Frameworks */ = {isa = PBXBuildFile; productRef = 8026CE022DC758BE0090D1F0 /* Kingfisher */; };
		8026CE062DC773C40090D1F0 /* GooglePlaces in Frameworks */ = {isa = PBXBuildFile; productRef = 8026CE052DC773C40090D1F0 /* GooglePlaces */; };
		8026CE092DC773F30090D1F0 /* GoogleMaps in Frameworks */ = {isa = PBXBuildFile; productRef = 8026CE082DC773F30090D1F0 /* GoogleMaps */; };
		804CF0382D9565EB0050AE28 /* GoogleSignIn in Frameworks */ = {isa = PBXBuildFile; productRef = 804CF0372D9565EB0050AE28 /* GoogleSignIn */; };
		80F0FA4E2D956F1D00E95E55 /* SnapKit in Frameworks */ = {isa = PBXBuildFile; productRef = 80F0FA4D2D956F1D00E95E55 /* SnapKit */; };
		80F0FA542D957D1400E95E55 /* Alamofire in Frameworks */ = {isa = PBXBuildFile; productRef = 80F0FA532D957D1400E95E55 /* Alamofire */; };
/* End PBXBuildFile section */

/* Begin PBXContainerItemProxy section */
		804CEFC82D9564760050AE28 /* PBXContainerItemProxy */ = {
			isa = PBXContainerItemProxy;
			containerPortal = 804CEFA92D9564740050AE28 /* Project object */;
			proxyType = 1;
			remoteGlobalIDString = 804CEFB02D9564740050AE28;
			remoteInfo = SeoulMate;
		};
/* End PBXContainerItemProxy section */

/* Begin PBXFileReference section */
		804CEFB12D9564740050AE28 /* SeoulMate.app */ = {isa = PBXFileReference; explicitFileType = wrapper.application; includeInIndex = 0; path = SeoulMate.app; sourceTree = BUILT_PRODUCTS_DIR; };
		804CEFC72D9564760050AE28 /* SeoulMateTests.xctest */ = {isa = PBXFileReference; explicitFileType = wrapper.cfbundle; includeInIndex = 0; path = SeoulMateTests.xctest; sourceTree = BUILT_PRODUCTS_DIR; };
/* End PBXFileReference section */

/* Begin PBXFileSystemSynchronizedBuildFileExceptionSet section */
		804CEFD92D9564760050AE28 /* Exceptions for "SeoulMate" folder in "SeoulMate" target */ = {
			isa = PBXFileSystemSynchronizedBuildFileExceptionSet;
			membershipExceptions = (
				ApplicationSM/Resource/Info.plist,
			);
			target = 804CEFB02D9564740050AE28 /* SeoulMate */;
		};
/* End PBXFileSystemSynchronizedBuildFileExceptionSet section */

/* Begin PBXFileSystemSynchronizedRootGroup section */
		804CEFB32D9564740050AE28 /* SeoulMate */ = {
			isa = PBXFileSystemSynchronizedRootGroup;
			exceptions = (
				804CEFD92D9564760050AE28 /* Exceptions for "SeoulMate" folder in "SeoulMate" target */,
			);
			path = SeoulMate;
			sourceTree = "<group>";
		};
		804CEFCA2D9564760050AE28 /* SeoulMateTests */ = {
			isa = PBXFileSystemSynchronizedRootGroup;
			path = SeoulMateTests;
			sourceTree = "<group>";
		};
/* End PBXFileSystemSynchronizedRootGroup section */

/* Begin PBXFrameworksBuildPhase section */
		804CEFAE2D9564740050AE28 /* Frameworks */ = {
			isa = PBXFrameworksBuildPhase;
			buildActionMask = 2147483647;
			files = (
				80F0FA542D957D1400E95E55 /* Alamofire in Frameworks */,
				8026CE032DC758BE0090D1F0 /* Kingfisher in Frameworks */,
				8026CE092DC773F30090D1F0 /* GoogleMaps in Frameworks */,
				804CF0382D9565EB0050AE28 /* GoogleSignIn in Frameworks */,
				8026CE062DC773C40090D1F0 /* GooglePlaces in Frameworks */,
				80F0FA4E2D956F1D00E95E55 /* SnapKit in Frameworks */,
			);
			runOnlyForDeploymentPostprocessing = 0;
		};
		804CEFC42D9564760050AE28 /* Frameworks */ = {
			isa = PBXFrameworksBuildPhase;
			buildActionMask = 2147483647;
			files = (
			);
			runOnlyForDeploymentPostprocessing = 0;
		};
/* End PBXFrameworksBuildPhase section */

/* Begin PBXGroup section */
		804CEFA82D9564740050AE28 = {
			isa = PBXGroup;
			children = (
				804CEFB32D9564740050AE28 /* SeoulMate */,
				804CEFCA2D9564760050AE28 /* SeoulMateTests */,
				804CEFB22D9564740050AE28 /* Products */,
			);
			sourceTree = "<group>";
		};
		804CEFB22D9564740050AE28 /* Products */ = {
			isa = PBXGroup;
			children = (
				804CEFB12D9564740050AE28 /* SeoulMate.app */,
				804CEFC72D9564760050AE28 /* SeoulMateTests.xctest */,
			);
			name = Products;
			sourceTree = "<group>";
		};
/* End PBXGroup section */

/* Begin PBXNativeTarget section */
		804CEFB02D9564740050AE28 /* SeoulMate */ = {
			isa = PBXNativeTarget;
			buildConfigurationList = 804CEFDA2D9564760050AE28 /* Build configuration list for PBXNativeTarget "SeoulMate" */;
			buildPhases = (
				804CEFAD2D9564740050AE28 /* Sources */,
				804CEFAE2D9564740050AE28 /* Frameworks */,
				804CEFAF2D9564740050AE28 /* Resources */,
			);
			buildRules = (
			);
			dependencies = (
			);
			fileSystemSynchronizedGroups = (
				804CEFB32D9564740050AE28 /* SeoulMate */,
			);
			name = SeoulMate;
			packageProductDependencies = (
				804CF0372D9565EB0050AE28 /* GoogleSignIn */,
				80F0FA4D2D956F1D00E95E55 /* SnapKit */,
				80F0FA532D957D1400E95E55 /* Alamofire */,
				8026CE022DC758BE0090D1F0 /* Kingfisher */,
				8026CE052DC773C40090D1F0 /* GooglePlaces */,
				8026CE082DC773F30090D1F0 /* GoogleMaps */,
			);
			productName = SeoulMate;
			productReference = 804CEFB12D9564740050AE28 /* SeoulMate.app */;
			productType = "com.apple.product-type.application";
		};
		804CEFC62D9564760050AE28 /* SeoulMateTests */ = {
			isa = PBXNativeTarget;
			buildConfigurationList = 804CEFDF2D9564760050AE28 /* Build configuration list for PBXNativeTarget "SeoulMateTests" */;
			buildPhases = (
				804CEFC32D9564760050AE28 /* Sources */,
				804CEFC42D9564760050AE28 /* Frameworks */,
				804CEFC52D9564760050AE28 /* Resources */,
			);
			buildRules = (
			);
			dependencies = (
				804CEFC92D9564760050AE28 /* PBXTargetDependency */,
			);
			fileSystemSynchronizedGroups = (
				804CEFCA2D9564760050AE28 /* SeoulMateTests */,
			);
			name = SeoulMateTests;
			packageProductDependencies = (
			);
			productName = SeoulMateTests;
			productReference = 804CEFC72D9564760050AE28 /* SeoulMateTests.xctest */;
			productType = "com.apple.product-type.bundle.unit-test";
		};
/* End PBXNativeTarget section */

/* Begin PBXProject section */
		804CEFA92D9564740050AE28 /* Project object */ = {
			isa = PBXProject;
			attributes = {
				BuildIndependentTargetsInParallel = 1;
				LastSwiftUpdateCheck = 1600;
				LastUpgradeCheck = 1600;
				TargetAttributes = {
					804CEFB02D9564740050AE28 = {
						CreatedOnToolsVersion = 16.0;
					};
					804CEFC62D9564760050AE28 = {
						CreatedOnToolsVersion = 16.0;
						TestTargetID = 804CEFB02D9564740050AE28;
					};
				};
			};
			buildConfigurationList = 804CEFAC2D9564740050AE28 /* Build configuration list for PBXProject "SeoulMate" */;
			developmentRegion = en;
			hasScannedForEncodings = 0;
			knownRegions = (
				en,
				Base,
			);
			mainGroup = 804CEFA82D9564740050AE28;
			minimizedProjectReferenceProxies = 1;
			packageReferences = (
				804CF0362D9565EB0050AE28 /* XCRemoteSwiftPackageReference "GoogleSignIn-iOS" */,
				80F0FA4C2D956F1D00E95E55 /* XCRemoteSwiftPackageReference "SnapKit" */,
				80F0FA522D957D1400E95E55 /* XCRemoteSwiftPackageReference "Alamofire" */,
				8026CE012DC758BE0090D1F0 /* XCRemoteSwiftPackageReference "Kingfisher" */,
				8026CE042DC773C40090D1F0 /* XCRemoteSwiftPackageReference "ios-places-sdk" */,
				8026CE072DC773F30090D1F0 /* XCRemoteSwiftPackageReference "ios-maps-sdk" */,
			);
			preferredProjectObjectVersion = 77;
			productRefGroup = 804CEFB22D9564740050AE28 /* Products */;
			projectDirPath = "";
			projectRoot = "";
			targets = (
				804CEFB02D9564740050AE28 /* SeoulMate */,
				804CEFC62D9564760050AE28 /* SeoulMateTests */,
			);
		};
/* End PBXProject section */

/* Begin PBXResourcesBuildPhase section */
		804CEFAF2D9564740050AE28 /* Resources */ = {
			isa = PBXResourcesBuildPhase;
			buildActionMask = 2147483647;
			files = (
			);
			runOnlyForDeploymentPostprocessing = 0;
		};
		804CEFC52D9564760050AE28 /* Resources */ = {
			isa = PBXResourcesBuildPhase;
			buildActionMask = 2147483647;
			files = (
			);
			runOnlyForDeploymentPostprocessing = 0;
		};
/* End PBXResourcesBuildPhase section */

/* Begin PBXSourcesBuildPhase section */
		804CEFAD2D9564740050AE28 /* Sources */ = {
			isa = PBXSourcesBuildPhase;
			buildActionMask = 2147483647;
			files = (
			);
			runOnlyForDeploymentPostprocessing = 0;
		};
		804CEFC32D9564760050AE28 /* Sources */ = {
			isa = PBXSourcesBuildPhase;
			buildActionMask = 2147483647;
			files = (
			);
			runOnlyForDeploymentPostprocessing = 0;
		};
/* End PBXSourcesBuildPhase section */

/* Begin PBXTargetDependency section */
		804CEFC92D9564760050AE28 /* PBXTargetDependency */ = {
			isa = PBXTargetDependency;
			target = 804CEFB02D9564740050AE28 /* SeoulMate */;
			targetProxy = 804CEFC82D9564760050AE28 /* PBXContainerItemProxy */;
		};
/* End PBXTargetDependency section */

/* Begin XCBuildConfiguration section */
		804CEFDB2D9564760050AE28 /* Debug */ = {
			isa = XCBuildConfiguration;
			baseConfigurationReferenceAnchor = 804CEFB32D9564740050AE28 /* SeoulMate */;
			baseConfigurationReferenceRelativePath = ApplicationSM/Resource/Config.xcconfig;
			buildSettings = {
				ASSETCATALOG_COMPILER_APPICON_NAME = AppIcon;
				ASSETCATALOG_COMPILER_GLOBAL_ACCENT_COLOR_NAME = AccentColor;
				CODE_SIGN_STYLE = Automatic;
				CURRENT_PROJECT_VERSION = 1;
				DEVELOPMENT_TEAM = KGMAZD32DG;
				GENERATE_INFOPLIST_FILE = YES;
				INFOPLIST_FILE = SeoulMate/ApplicationSM/Resource/Info.plist;
				INFOPLIST_KEY_UIApplicationSupportsIndirectInputEvents = YES;
				INFOPLIST_KEY_UILaunchStoryboardName = LaunchScreen;
				INFOPLIST_KEY_UISupportedInterfaceOrientations = UIInterfaceOrientationPortrait;
				INFOPLIST_KEY_UISupportedInterfaceOrientations_iPad = "UIInterfaceOrientationLandscapeLeft UIInterfaceOrientationLandscapeRight UIInterfaceOrientationPortrait UIInterfaceOrientationPortraitUpsideDown";
				IPHONEOS_DEPLOYMENT_TARGET = 15.6;
				LD_RUNPATH_SEARCH_PATHS = (
					"$(inherited)",
					"@executable_path/Frameworks",
				);
				MARKETING_VERSION = 1.0;
				PRODUCT_BUNDLE_IDENTIFIER = com.ParkSeongGeun.SeoulMate;
				PRODUCT_NAME = "$(TARGET_NAME)";
				SUPPORTED_PLATFORMS = "iphoneos iphonesimulator";
				SUPPORTS_MACCATALYST = NO;
				SUPPORTS_MAC_DESIGNED_FOR_IPHONE_IPAD = NO;
				SUPPORTS_XR_DESIGNED_FOR_IPHONE_IPAD = NO;
				SWIFT_EMIT_LOC_STRINGS = YES;
				SWIFT_VERSION = 5.0;
				TARGETED_DEVICE_FAMILY = 1;
			};
			name = Debug;
		};
		804CEFDC2D9564760050AE28 /* Release */ = {
			isa = XCBuildConfiguration;
			baseConfigurationReferenceAnchor = 804CEFB32D9564740050AE28 /* SeoulMate */;
			baseConfigurationReferenceRelativePath = ApplicationSM/Resource/Config.xcconfig;
			buildSettings = {
				ASSETCATALOG_COMPILER_APPICON_NAME = AppIcon;
				ASSETCATALOG_COMPILER_GLOBAL_ACCENT_COLOR_NAME = AccentColor;
				CODE_SIGN_STYLE = Automatic;
				CURRENT_PROJECT_VERSION = 1;
				DEVELOPMENT_TEAM = KGMAZD32DG;
				GENERATE_INFOPLIST_FILE = YES;
				INFOPLIST_FILE = SeoulMate/ApplicationSM/Resource/Info.plist;
				INFOPLIST_KEY_UIApplicationSupportsIndirectInputEvents = YES;
				INFOPLIST_KEY_UILaunchStoryboardName = LaunchScreen;
				INFOPLIST_KEY_UISupportedInterfaceOrientations = UIInterfaceOrientationPortrait;
				INFOPLIST_KEY_UISupportedInterfaceOrientations_iPad = "UIInterfaceOrientationLandscapeLeft UIInterfaceOrientationLandscapeRight UIInterfaceOrientationPortrait UIInterfaceOrientationPortraitUpsideDown";
				IPHONEOS_DEPLOYMENT_TARGET = 15.6;
				LD_RUNPATH_SEARCH_PATHS = (
					"$(inherited)",
					"@executable_path/Frameworks",
				);
				MARKETING_VERSION = 1.0;
				PRODUCT_BUNDLE_IDENTIFIER = com.ParkSeongGeun.SeoulMate;
				PRODUCT_NAME = "$(TARGET_NAME)";
				SUPPORTED_PLATFORMS = "iphoneos iphonesimulator";
				SUPPORTS_MACCATALYST = NO;
				SUPPORTS_MAC_DESIGNED_FOR_IPHONE_IPAD = NO;
				SUPPORTS_XR_DESIGNED_FOR_IPHONE_IPAD = NO;
				SWIFT_EMIT_LOC_STRINGS = YES;
				SWIFT_VERSION = 5.0;
				TARGETED_DEVICE_FAMILY = 1;
			};
			name = Release;
		};
		804CEFDD2D9564760050AE28 /* Debug */ = {
			isa = XCBuildConfiguration;
			buildSettings = {
				ALWAYS_SEARCH_USER_PATHS = NO;
				ASSETCATALOG_COMPILER_GENERATE_SWIFT_ASSET_SYMBOL_EXTENSIONS = YES;
				CLANG_ANALYZER_NONNULL = YES;
				CLANG_ANALYZER_NUMBER_OBJECT_CONVERSION = YES_AGGRESSIVE;
				CLANG_CXX_LANGUAGE_STANDARD = "gnu++20";
				CLANG_ENABLE_MODULES = YES;
				CLANG_ENABLE_OBJC_ARC = YES;
				CLANG_ENABLE_OBJC_WEAK = YES;
				CLANG_WARN_BLOCK_CAPTURE_AUTORELEASING = YES;
				CLANG_WARN_BOOL_CONVERSION = YES;
				CLANG_WARN_COMMA = YES;
				CLANG_WARN_CONSTANT_CONVERSION = YES;
				CLANG_WARN_DEPRECATED_OBJC_IMPLEMENTATIONS = YES;
				CLANG_WARN_DIRECT_OBJC_ISA_USAGE = YES_ERROR;
				CLANG_WARN_DOCUMENTATION_COMMENTS = YES;
				CLANG_WARN_EMPTY_BODY = YES;
				CLANG_WARN_ENUM_CONVERSION = YES;
				CLANG_WARN_INFINITE_RECURSION = YES;
				CLANG_WARN_INT_CONVERSION = YES;
				CLANG_WARN_NON_LITERAL_NULL_CONVERSION = YES;
				CLANG_WARN_OBJC_IMPLICIT_RETAIN_SELF = YES;
				CLANG_WARN_OBJC_LITERAL_CONVERSION = YES;
				CLANG_WARN_OBJC_ROOT_CLASS = YES_ERROR;
				CLANG_WARN_QUOTED_INCLUDE_IN_FRAMEWORK_HEADER = YES;
				CLANG_WARN_RANGE_LOOP_ANALYSIS = YES;
				CLANG_WARN_STRICT_PROTOTYPES = YES;
				CLANG_WARN_SUSPICIOUS_MOVE = YES;
				CLANG_WARN_UNGUARDED_AVAILABILITY = YES_AGGRESSIVE;
				CLANG_WARN_UNREACHABLE_CODE = YES;
				CLANG_WARN__DUPLICATE_METHOD_MATCH = YES;
				COPY_PHASE_STRIP = NO;
				DEBUG_INFORMATION_FORMAT = dwarf;
				ENABLE_STRICT_OBJC_MSGSEND = YES;
				ENABLE_TESTABILITY = YES;
				ENABLE_USER_SCRIPT_SANDBOXING = YES;
				GCC_C_LANGUAGE_STANDARD = gnu17;
				GCC_DYNAMIC_NO_PIC = NO;
				GCC_NO_COMMON_BLOCKS = YES;
				GCC_OPTIMIZATION_LEVEL = 0;
				GCC_PREPROCESSOR_DEFINITIONS = (
					"DEBUG=1",
					"$(inherited)",
				);
				GCC_WARN_64_TO_32_BIT_CONVERSION = YES;
				GCC_WARN_ABOUT_RETURN_TYPE = YES_ERROR;
				GCC_WARN_UNDECLARED_SELECTOR = YES;
				GCC_WARN_UNINITIALIZED_AUTOS = YES_AGGRESSIVE;
				GCC_WARN_UNUSED_FUNCTION = YES;
				GCC_WARN_UNUSED_VARIABLE = YES;
				IPHONEOS_DEPLOYMENT_TARGET = 18.0;
				LOCALIZATION_PREFERS_STRING_CATALOGS = YES;
				MTL_ENABLE_DEBUG_INFO = INCLUDE_SOURCE;
				MTL_FAST_MATH = YES;
				ONLY_ACTIVE_ARCH = YES;
				SDKROOT = iphoneos;
				SWIFT_ACTIVE_COMPILATION_CONDITIONS = "DEBUG $(inherited)";
				SWIFT_OPTIMIZATION_LEVEL = "-Onone";
			};
			name = Debug;
		};
		804CEFDE2D9564760050AE28 /* Release */ = {
			isa = XCBuildConfiguration;
			buildSettings = {
				ALWAYS_SEARCH_USER_PATHS = NO;
				ASSETCATALOG_COMPILER_GENERATE_SWIFT_ASSET_SYMBOL_EXTENSIONS = YES;
				CLANG_ANALYZER_NONNULL = YES;
				CLANG_ANALYZER_NUMBER_OBJECT_CONVERSION = YES_AGGRESSIVE;
				CLANG_CXX_LANGUAGE_STANDARD = "gnu++20";
				CLANG_ENABLE_MODULES = YES;
				CLANG_ENABLE_OBJC_ARC = YES;
				CLANG_ENABLE_OBJC_WEAK = YES;
				CLANG_WARN_BLOCK_CAPTURE_AUTORELEASING = YES;
				CLANG_WARN_BOOL_CONVERSION = YES;
				CLANG_WARN_COMMA = YES;
				CLANG_WARN_CONSTANT_CONVERSION = YES;
				CLANG_WARN_DEPRECATED_OBJC_IMPLEMENTATIONS = YES;
				CLANG_WARN_DIRECT_OBJC_ISA_USAGE = YES_ERROR;
				CLANG_WARN_DOCUMENTATION_COMMENTS = YES;
				CLANG_WARN_EMPTY_BODY = YES;
				CLANG_WARN_ENUM_CONVERSION = YES;
				CLANG_WARN_INFINITE_RECURSION = YES;
				CLANG_WARN_INT_CONVERSION = YES;
				CLANG_WARN_NON_LITERAL_NULL_CONVERSION = YES;
				CLANG_WARN_OBJC_IMPLICIT_RETAIN_SELF = YES;
				CLANG_WARN_OBJC_LITERAL_CONVERSION = YES;
				CLANG_WARN_OBJC_ROOT_CLASS = YES_ERROR;
				CLANG_WARN_QUOTED_INCLUDE_IN_FRAMEWORK_HEADER = YES;
				CLANG_WARN_RANGE_LOOP_ANALYSIS = YES;
				CLANG_WARN_STRICT_PROTOTYPES = YES;
				CLANG_WARN_SUSPICIOUS_MOVE = YES;
				CLANG_WARN_UNGUARDED_AVAILABILITY = YES_AGGRESSIVE;
				CLANG_WARN_UNREACHABLE_CODE = YES;
				CLANG_WARN__DUPLICATE_METHOD_MATCH = YES;
				COPY_PHASE_STRIP = NO;
				DEBUG_INFORMATION_FORMAT = "dwarf-with-dsym";
				ENABLE_NS_ASSERTIONS = NO;
				ENABLE_STRICT_OBJC_MSGSEND = YES;
				ENABLE_USER_SCRIPT_SANDBOXING = YES;
				GCC_C_LANGUAGE_STANDARD = gnu17;
				GCC_NO_COMMON_BLOCKS = YES;
				GCC_WARN_64_TO_32_BIT_CONVERSION = YES;
				GCC_WARN_ABOUT_RETURN_TYPE = YES_ERROR;
				GCC_WARN_UNDECLARED_SELECTOR = YES;
				GCC_WARN_UNINITIALIZED_AUTOS = YES_AGGRESSIVE;
				GCC_WARN_UNUSED_FUNCTION = YES;
				GCC_WARN_UNUSED_VARIABLE = YES;
				IPHONEOS_DEPLOYMENT_TARGET = 18.0;
				LOCALIZATION_PREFERS_STRING_CATALOGS = YES;
				MTL_ENABLE_DEBUG_INFO = NO;
				MTL_FAST_MATH = YES;
				SDKROOT = iphoneos;
				SWIFT_COMPILATION_MODE = wholemodule;
				VALIDATE_PRODUCT = YES;
			};
			name = Release;
		};
		804CEFE02D9564760050AE28 /* Debug */ = {
			isa = XCBuildConfiguration;
			buildSettings = {
				BUNDLE_LOADER = "$(TEST_HOST)";
				CODE_SIGN_STYLE = Automatic;
				CURRENT_PROJECT_VERSION = 1;
				DEVELOPMENT_TEAM = KGMAZD32DG;
				GENERATE_INFOPLIST_FILE = YES;
				IPHONEOS_DEPLOYMENT_TARGET = 18.0;
				MARKETING_VERSION = 1.0;
				PRODUCT_BUNDLE_IDENTIFIER = com.ParkSeongGeun.SeoulMateTests;
				PRODUCT_NAME = "$(TARGET_NAME)";
				SUPPORTED_PLATFORMS = "iphoneos iphonesimulator";
				SUPPORTS_MACCATALYST = NO;
				SUPPORTS_MAC_DESIGNED_FOR_IPHONE_IPAD = NO;
				SUPPORTS_XR_DESIGNED_FOR_IPHONE_IPAD = NO;
				SWIFT_EMIT_LOC_STRINGS = NO;
				SWIFT_VERSION = 5.0;
				TARGETED_DEVICE_FAMILY = 1;
				TEST_HOST = "$(BUILT_PRODUCTS_DIR)/SeoulMate.app/$(BUNDLE_EXECUTABLE_FOLDER_PATH)/SeoulMate";
			};
			name = Debug;
		};
		804CEFE12D9564760050AE28 /* Release */ = {
			isa = XCBuildConfiguration;
			buildSettings = {
				BUNDLE_LOADER = "$(TEST_HOST)";
				CODE_SIGN_STYLE = Automatic;
				CURRENT_PROJECT_VERSION = 1;
				DEVELOPMENT_TEAM = KGMAZD32DG;
				GENERATE_INFOPLIST_FILE = YES;
				IPHONEOS_DEPLOYMENT_TARGET = 18.0;
				MARKETING_VERSION = 1.0;
				PRODUCT_BUNDLE_IDENTIFIER = com.ParkSeongGeun.SeoulMateTests;
				PRODUCT_NAME = "$(TARGET_NAME)";
				SUPPORTED_PLATFORMS = "iphoneos iphonesimulator";
				SUPPORTS_MACCATALYST = NO;
				SUPPORTS_MAC_DESIGNED_FOR_IPHONE_IPAD = NO;
				SUPPORTS_XR_DESIGNED_FOR_IPHONE_IPAD = NO;
				SWIFT_EMIT_LOC_STRINGS = NO;
				SWIFT_VERSION = 5.0;
				TARGETED_DEVICE_FAMILY = 1;
				TEST_HOST = "$(BUILT_PRODUCTS_DIR)/SeoulMate.app/$(BUNDLE_EXECUTABLE_FOLDER_PATH)/SeoulMate";
			};
			name = Release;
		};
/* End XCBuildConfiguration section */

/* Begin XCConfigurationList section */
		804CEFAC2D9564740050AE28 /* Build configuration list for PBXProject "SeoulMate" */ = {
			isa = XCConfigurationList;
			buildConfigurations = (
				804CEFDD2D9564760050AE28 /* Debug */,
				804CEFDE2D9564760050AE28 /* Release */,
			);
			defaultConfigurationIsVisible = 0;
			defaultConfigurationName = Release;
		};
		804CEFDA2D9564760050AE28 /* Build configuration list for PBXNativeTarget "SeoulMate" */ = {
			isa = XCConfigurationList;
			buildConfigurations = (
				804CEFDB2D9564760050AE28 /* Debug */,
				804CEFDC2D9564760050AE28 /* Release */,
			);
			defaultConfigurationIsVisible = 0;
			defaultConfigurationName = Release;
		};
		804CEFDF2D9564760050AE28 /* Build configuration list for PBXNativeTarget "SeoulMateTests" */ = {
			isa = XCConfigurationList;
			buildConfigurations = (
				804CEFE02D9564760050AE28 /* Debug */,
				804CEFE12D9564760050AE28 /* Release */,
			);
			defaultConfigurationIsVisible = 0;
			defaultConfigurationName = Release;
		};
/* End XCConfigurationList section */

/* Begin XCRemoteSwiftPackageReference section */
		8026CE012DC758BE0090D1F0 /* XCRemoteSwiftPackageReference "Kingfisher" */ = {
			isa = XCRemoteSwiftPackageReference;
			repositoryURL = "https://github.com/onevcat/Kingfisher.git";
			requirement = {
				kind = upToNextMajorVersion;
				minimumVersion = 8.3.2;
			};
		};
		8026CE042DC773C40090D1F0 /* XCRemoteSwiftPackageReference "ios-places-sdk" */ = {
			isa = XCRemoteSwiftPackageReference;
			repositoryURL = "https://github.com/googlemaps/ios-places-sdk.git";
			requirement = {
				kind = exactVersion;
				version = 9.4.1;
			};
		};
		8026CE072DC773F30090D1F0 /* XCRemoteSwiftPackageReference "ios-maps-sdk" */ = {
			isa = XCRemoteSwiftPackageReference;
			repositoryURL = "https://github.com/googlemaps/ios-maps-sdk";
			requirement = {
				kind = upToNextMajorVersion;
				minimumVersion = 9.4.0;
			};
		};
		804CF0362D9565EB0050AE28 /* XCRemoteSwiftPackageReference "GoogleSignIn-iOS" */ = {
			isa = XCRemoteSwiftPackageReference;
			repositoryURL = "https://github.com/google/GoogleSignIn-iOS";
			requirement = {
				kind = upToNextMajorVersion;
				minimumVersion = 8.0.0;
			};
		};
		80F0FA4C2D956F1D00E95E55 /* XCRemoteSwiftPackageReference "SnapKit" */ = {
			isa = XCRemoteSwiftPackageReference;
			repositoryURL = "https://github.com/SnapKit/SnapKit.git";
			requirement = {
				kind = upToNextMajorVersion;
				minimumVersion = 5.7.1;
			};
		};
		80F0FA522D957D1400E95E55 /* XCRemoteSwiftPackageReference "Alamofire" */ = {
			isa = XCRemoteSwiftPackageReference;
			repositoryURL = "https://github.com/Alamofire/Alamofire";
			requirement = {
				kind = upToNextMajorVersion;
				minimumVersion = 5.10.2;
			};
		};
/* End XCRemoteSwiftPackageReference section */

/* Begin XCSwiftPackageProductDependency section */
		8026CE022DC758BE0090D1F0 /* Kingfisher */ = {
			isa = XCSwiftPackageProductDependency;
			package = 8026CE012DC758BE0090D1F0 /* XCRemoteSwiftPackageReference "Kingfisher" */;
			productName = Kingfisher;
		};
		8026CE052DC773C40090D1F0 /* GooglePlaces */ = {
			isa = XCSwiftPackageProductDependency;
			package = 8026CE042DC773C40090D1F0 /* XCRemoteSwiftPackageReference "ios-places-sdk" */;
			productName = GooglePlaces;
		};
		8026CE082DC773F30090D1F0 /* GoogleMaps */ = {
			isa = XCSwiftPackageProductDependency;
			package = 8026CE072DC773F30090D1F0 /* XCRemoteSwiftPackageReference "ios-maps-sdk" */;
			productName = GoogleMaps;
		};
		804CF0372D9565EB0050AE28 /* GoogleSignIn */ = {
			isa = XCSwiftPackageProductDependency;
			package = 804CF0362D9565EB0050AE28 /* XCRemoteSwiftPackageReference "GoogleSignIn-iOS" */;
			productName = GoogleSignIn;
		};
		80F0FA4D2D956F1D00E95E55 /* SnapKit */ = {
			isa = XCSwiftPackageProductDependency;
			package = 80F0FA4C2D956F1D00E95E55 /* XCRemoteSwiftPackageReference "SnapKit" */;
			productName = SnapKit;
		};
		80F0FA532D957D1400E95E55 /* Alamofire */ = {
			isa = XCSwiftPackageProductDependency;
			package = 80F0FA522D957D1400E95E55 /* XCRemoteSwiftPackageReference "Alamofire" */;
			productName = Alamofire;
		};
/* End XCSwiftPackageProductDependency section */
	};
	rootObject = 804CEFA92D9564740050AE28 /* Project object */;
}
